
Microsoft Visual Studio Solution File, Format Version 12.00
# Visual Studio 15
Project("{FAE04EC0-301F-11D3-BF4B-00C04F79EFBC}") = "Assembly-CSharp", "Assembly-CSharp.csproj", "{F1F41019-CAB8-E562-E1A2-D19EE9E91FE3}"
EndProject
Project("{FAE04EC0-301F-11D3-BF4B-00C04F79EFBC}") = "Assembly-CSharp-Editor", "Assembly-CSharp-Editor.csproj", "{5E81927F-EF78-B5DA-DED2-5EE5EAFD36A7}"
EndProject
Global
	GlobalSection(SolutionConfigurationPlatforms) = preSolution
		Debug|Any CPU = Debug|Any CPU
		Release|Any CPU = Release|Any CPU
	EndGlobalSection
	GlobalSection(ProjectConfigurationPlatforms) = postSolution
		{F1F41019-CAB8-E562-E1A2-D19EE9E91FE3}.Debug|Any CPU.ActiveCfg = Debug|Any CPU
		{F1F41019-CAB8-E562-E1A2-D19EE9E91FE3}.Debug|Any CPU.Build.0 = Debug|Any CPU
		{F1F41019-CAB8-E562-E1A2-D19EE9E91FE3}.Release|Any CPU.ActiveCfg = Release|Any CPU
		{F1F41019-CAB8-E562-E1A2-D19EE9E91FE3}.Release|Any CPU.Build.0 = Release|Any CPU
		{5E81927F-EF78-B5DA-DED2-5EE5EAFD36A7}.Debug|Any CPU.ActiveCfg = Debug|Any CPU
		{5E81927F-EF78-B5DA-DED2-5EE5EAFD36A7}.Debug|Any CPU.Build.0 = Debug|Any CPU
		{5E81927F-EF78-B5DA-DED2-5EE5EAFD36A7}.Release|Any CPU.ActiveCfg = Release|Any CPU
		{5E81927F-EF78-B5DA-DED2-5EE5EAFD36A7}.Release|Any CPU.Build.0 = Release|Any CPU
	EndGlobalSection
	GlobalSection(SolutionProperties) = preSolution
		HideSolutionNode = FALSE
	EndGlobalSection
EndGlobal
